# This file was autogenerated by Stack.
# You should not edit this file by hand.
# For more information, please see the documentation at:
#   https://docs.haskellstack.org/en/stable/lock_files

packages:
- completed:
    pantry-tree:
      sha256: 921f93db2ec034c3098abcd695f895f485b6d1b975127160bd2e35225cc7d990
      size: 1773
    hackage: OpenCL-1.0.3.4@sha256:ef90f955632749353251887ce66357c5ed8e98e8b437ff91ce406ae9187f3953,2590
  original:
    hackage: OpenCL-1.0.3.4@sha256:ef90f955632749353251887ce66357c5ed8e98e8b437ff91ce406ae9187f3953,2590
snapshots:
- completed:
    sha256: 428ec8d5ce932190d3cbe266b9eb3c175cd81e984babf876b64019e2cbe4ea68
    size: 590100
    url: https://raw.githubusercontent.com/commercialhaskell/stackage-snapshots/master/lts/18/28.yaml
  original: lts-18.28
